# This file is automatically @generated by Cargo.
# It is not intended for manual editing.
[[package]]
name = "comp-engine"
version = "0.1.0"
dependencies = [
 "itertools",
 "proj_core",
 "safe_arch",
 "separator",
 "shortlist",
]

[[package]]
name = "either"
version = "1.6.1"
source = "registry+https://github.com/rust-lang/crates.io-index"
checksum = "e78d4f1cc4ae33bbfc157ed5d5a5ef3bc29227303d595861deb238fcec4e9457"

[[package]]
name = "itertools"
version = "0.10.0"
source = "registry+https://github.com/rust-lang/crates.io-index"
checksum = "37d572918e350e82412fe766d24b15e6682fb2ed2bbe018280caa810397cb319"
dependencies = [
 "either",
]

[[package]]
name = "proj_core"
version = "0.1.0"
dependencies = [
 "itertools",
 "safe_arch",
]

[[package]]
name = "safe_arch"
version = "0.5.2"
source = "registry+https://github.com/rust-lang/crates.io-index"
checksum = "c1ff3d6d9696af502cc3110dacce942840fb06ff4514cad92236ecc455f2ce05"

[[package]]
name = "separator"
version = "0.4.1"
source = "registry+https://github.com/rust-lang/crates.io-index"
checksum = "f97841a747eef040fcd2e7b3b9a220a7205926e60488e673d9e4926d27772ce5"

[[package]]
name = "shortlist"
version = "0.1.2"
source = "registry+https://github.com/rust-lang/crates.io-index"
checksum = "1e8030b6cd6a74b9934f8228e70169293e51a78c515e3efaf6533b54d860e06f"
